// !$*UTF8*$!
{ archiveVersion = 1; classes = {}; objectVersion = 56; objects = {
9DB5B56A5EFD7E5301816A82 = { isa = PBXFileReference; lastKnownFileType = sourcecode.swift; path = "Appearance.swift"; sourceTree = "<group>"; };
BB3B63D99B469E333560A3E9 = { isa = PBXBuildFile; fileRef = 9DB5B56A5EFD7E5301816A82; };
4DF21042C33DD2F093A55ECA = { isa = PBXFileReference; lastKnownFileType = sourcecode.swift; path = "CollectionsView.swift"; sourceTree = "<group>"; };
6EB0A92F545C81EA4482D378 = { isa = PBXBuildFile; fileRef = 4DF21042C33DD2F093A55ECA; };
F4766DB08EF48687C732A737 = { isa = PBXFileReference; lastKnownFileType = sourcecode.swift; path = "DriveView.swift"; sourceTree = "<group>"; };
4D70CE24E1C11B8337FAFFAB = { isa = PBXBuildFile; fileRef = F4766DB08EF48687C732A737; };
77D6AD66D23F3E0DFEC5F2C5 = { isa = PBXFileReference; lastKnownFileType = sourcecode.swift; path = "FilePreview.swift"; sourceTree = "<group>"; };
FDB6B07E2C97B4A8D89538DD = { isa = PBXBuildFile; fileRef = 77D6AD66D23F3E0DFEC5F2C5; };
B42B79590EB8C328211DB960 = { isa = PBXFileReference; lastKnownFileType = sourcecode.swift; path = "FileTransfers.swift"; sourceTree = "<group>"; };
C79423D5660A0FBC325423A9 = { isa = PBXBuildFile; fileRef = B42B79590EB8C328211DB960; };
2C7E78CE0C08DF4A45AACA8A = { isa = PBXFileReference; lastKnownFileType = sourcecode.swift; path = "Harbor0App.swift"; sourceTree = "<group>"; };
04F3BA0278F8B449B6A159F5 = { isa = PBXBuildFile; fileRef = 2C7E78CE0C08DF4A45AACA8A; };
975EDFCBBA3C91BC7F39D69B = { isa = PBXFileReference; lastKnownFileType = sourcecode.swift; path = "HarborAPI.swift"; sourceTree = "<group>"; };
D256CEFC96AA53C4753CACFA = { isa = PBXBuildFile; fileRef = 975EDFCBBA3C91BC7F39D69B; };
BB1EEE6E8DCF4D5560DD1541 = { isa = PBXFileReference; lastKnownFileType = sourcecode.swift; path = "Keychain.swift"; sourceTree = "<group>"; };
B9077F44E0E57B0727FCE846 = { isa = PBXBuildFile; fileRef = BB1EEE6E8DCF4D5560DD1541; };
DDFA8B11E25511C8ACD20051 = { isa = PBXFileReference; lastKnownFileType = sourcecode.swift; path = "Models.swift"; sourceTree = "<group>"; };
0D941B6912D443723243E75E = { isa = PBXBuildFile; fileRef = DDFA8B11E25511C8ACD20051; };
A36D1B1B8610CC0B0BC44823 = { isa = PBXFileReference; lastKnownFileType = sourcecode.swift; path = "SettingsView.swift"; sourceTree = "<group>"; };
1EB4B097F196A3220A609B2F = { isa = PBXBuildFile; fileRef = A36D1B1B8610CC0B0BC44823; };
EE30E71A02E4915B1B93C799 = { isa = PBXFileReference; lastKnownFileType = sourcecode.swift; path = "TrashView.swift"; sourceTree = "<group>"; };
1BB458FD5D4FC28214D30B54 = { isa = PBXBuildFile; fileRef = EE30E71A02E4915B1B93C799; };
4473DE87C06C7D6E37A901AA = { isa = PBXFileReference; lastKnownFileType = sourcecode.swift; path = "WorkspaceView.swift"; sourceTree = "<group>"; };
9254D792836DD0A4D28B085A = { isa = PBXBuildFile; fileRef = 4473DE87C06C7D6E37A901AA; };
3685E330EC5277A9DD5661C6 = { isa = PBXFileReference; lastKnownFileType = folder.assetcatalog; path = Assets.xcassets; sourceTree = "<group>"; };
04200CFFD12D083534B07BB1 = { isa = PBXBuildFile; fileRef = 3685E330EC5277A9DD5661C6; };
F40263D6ABC2DBD9D349B99F = { isa = PBXGroup; children = (9DB5B56A5EFD7E5301816A82,4DF21042C33DD2F093A55ECA,F4766DB08EF48687C732A737,77D6AD66D23F3E0DFEC5F2C5,B42B79590EB8C328211DB960,2C7E78CE0C08DF4A45AACA8A,975EDFCBBA3C91BC7F39D69B,BB1EEE6E8DCF4D5560DD1541,DDFA8B11E25511C8ACD20051,A36D1B1B8610CC0B0BC44823,EE30E71A02E4915B1B93C799,4473DE87C06C7D6E37A901AA,3685E330EC5277A9DD5661C6,); path = Harbor0; sourceTree = "<group>"; };
2205F11F9902DC31602F4257 = { isa = PBXSourcesBuildPhase; buildActionMask = 2147483647; files = (BB3B63D99B469E333560A3E9,6EB0A92F545C81EA4482D378,4D70CE24E1C11B8337FAFFAB,FDB6B07E2C97B4A8D89538DD,C79423D5660A0FBC325423A9,04F3BA0278F8B449B6A159F5,D256CEFC96AA53C4753CACFA,B9077F44E0E57B0727FCE846,0D941B6912D443723243E75E,1EB4B097F196A3220A609B2F,1BB458FD5D4FC28214D30B54,9254D792836DD0A4D28B085A,); runOnlyForDeploymentPostprocessing = 0; };
30748F48568E68381C784E62 = { isa = PBXFrameworksBuildPhase; buildActionMask = 2147483647; files = (); runOnlyForDeploymentPostprocessing = 0; };
B123EB019004A8F8FEB81E0F = { isa = PBXResourcesBuildPhase; buildActionMask = 2147483647; files = (04200CFFD12D083534B07BB1,); runOnlyForDeploymentPostprocessing = 0; };
6D5B8B69A4885DA916CE5810 = { isa = PBXFileReference; explicitFileType = wrapper.application; includeInIndex = 0; path = Harbor0.app; sourceTree = BUILT_PRODUCTS_DIR; };
C0519AAE80CF9A48870C9A63 = { isa = XCBuildConfiguration; buildSettings = { CODE_SIGN_STYLE = Automatic; CURRENT_PROJECT_VERSION = 1; GENERATE_INFOPLIST_FILE = YES; MARKETING_VERSION = 0.1.0; PRODUCT_NAME = "$(TARGET_NAME)"; SWIFT_VERSION = 5.0; TARGETED_DEVICE_FAMILY = "1,2"; PRODUCT_BUNDLE_IDENTIFIER = app.harbor0.ios; ASSETCATALOG_COMPILER_APPICON_NAME = AppIcon; INFOPLIST_KEY_CFBundleDisplayName = harbor0; INFOPLIST_KEY_LSApplicationCategoryType = "public.app-category.productivity"; INFOPLIST_KEY_UILaunchScreen_Generation = YES; INFOPLIST_KEY_UIApplicationSceneManifest_Generation = YES; INFOPLIST_KEY_UIApplicationSupportsIndirectInputEvents = YES; INFOPLIST_KEY_UISupportedInterfaceOrientations_iPhone = "UIInterfaceOrientationPortrait UIInterfaceOrientationLandscapeLeft UIInterfaceOrientationLandscapeRight"; INFOPLIST_KEY_UISupportedInterfaceOrientations_iPad = "UIInterfaceOrientationPortrait UIInterfaceOrientationPortraitUpsideDown UIInterfaceOrientationLandscapeLeft UIInterfaceOrientationLandscapeRight"; INFOPLIST_FILE = Harbor0/DebugInfo.plist;  }; name = Debug; };
A10873AA161E03D578A8FC80 = { isa = XCBuildConfiguration; buildSettings = { CODE_SIGN_STYLE = Automatic; CURRENT_PROJECT_VERSION = 1; GENERATE_INFOPLIST_FILE = YES; MARKETING_VERSION = 0.1.0; PRODUCT_NAME = "$(TARGET_NAME)"; SWIFT_VERSION = 5.0; TARGETED_DEVICE_FAMILY = "1,2"; PRODUCT_BUNDLE_IDENTIFIER = app.harbor0.ios; ASSETCATALOG_COMPILER_APPICON_NAME = AppIcon; INFOPLIST_KEY_CFBundleDisplayName = harbor0; INFOPLIST_KEY_LSApplicationCategoryType = "public.app-category.productivity"; INFOPLIST_KEY_UILaunchScreen_Generation = YES; INFOPLIST_KEY_UIApplicationSceneManifest_Generation = YES; INFOPLIST_KEY_UIApplicationSupportsIndirectInputEvents = YES; INFOPLIST_KEY_UISupportedInterfaceOrientations_iPhone = "UIInterfaceOrientationPortrait UIInterfaceOrientationLandscapeLeft UIInterfaceOrientationLandscapeRight"; INFOPLIST_KEY_UISupportedInterfaceOrientations_iPad = "UIInterfaceOrientationPortrait UIInterfaceOrientationPortraitUpsideDown UIInterfaceOrientationLandscapeLeft UIInterfaceOrientationLandscapeRight";  }; name = Release; };
8AD0B24FD652A7BECB435CF0 = { isa = XCConfigurationList; buildConfigurations = (C0519AAE80CF9A48870C9A63,A10873AA161E03D578A8FC80,); defaultConfigurationIsVisible = 0; defaultConfigurationName = Release; };
D0926386D5F1D7C0FE4AB828 = { isa = PBXNativeTarget; buildConfigurationList = 8AD0B24FD652A7BECB435CF0; buildPhases = (2205F11F9902DC31602F4257,30748F48568E68381C784E62,B123EB019004A8F8FEB81E0F,); buildRules = (); dependencies = (); name = Harbor0; productName = Harbor0; productReference = 6D5B8B69A4885DA916CE5810; productType = "com.apple.product-type.application"; };
23C08D9573CFDA7E5F6163EB = { isa = PBXFileReference; lastKnownFileType = sourcecode.swift; path = "BackendIntegrationTests.swift"; sourceTree = "<group>"; };
AEE2695840041A3D2A2768B0 = { isa = PBXBuildFile; fileRef = 23C08D9573CFDA7E5F6163EB; };
13F5CF5E0CE734C495D359B9 = { isa = PBXFileReference; lastKnownFileType = sourcecode.swift; path = "Harbor0Tests.swift"; sourceTree = "<group>"; };
93B50075FB7340739D0C08DE = { isa = PBXBuildFile; fileRef = 13F5CF5E0CE734C495D359B9; };
8EFBC6F408ADD5A639EB48D7 = { isa = PBXGroup; children = (23C08D9573CFDA7E5F6163EB,13F5CF5E0CE734C495D359B9,); path = Harbor0Tests; sourceTree = "<group>"; };
31D41F5A790589CAA26836EA = { isa = PBXSourcesBuildPhase; buildActionMask = 2147483647; files = (AEE2695840041A3D2A2768B0,93B50075FB7340739D0C08DE,); runOnlyForDeploymentPostprocessing = 0; };
7D937F8A916CF4D438767AE2 = { isa = PBXFrameworksBuildPhase; buildActionMask = 2147483647; files = (); runOnlyForDeploymentPostprocessing = 0; };
01F69AF8AC7250D7553CEE30 = { isa = PBXResourcesBuildPhase; buildActionMask = 2147483647; files = (); runOnlyForDeploymentPostprocessing = 0; };
54EE20D3DB77FC6D67B16437 = { isa = PBXFileReference; explicitFileType = wrapper.cfbundle; includeInIndex = 0; path = Harbor0Tests.xctest; sourceTree = BUILT_PRODUCTS_DIR; };
10A70D3166B034A216F08EF7 = { isa = PBXContainerItemProxy; containerPortal = 98F54143AB4E86B28C3AFEE0; proxyType = 1; remoteGlobalIDString = D0926386D5F1D7C0FE4AB828; remoteInfo = Harbor0; };
D4085E9EF788C623FAB29C8F = { isa = PBXTargetDependency; target = D0926386D5F1D7C0FE4AB828; targetProxy = 10A70D3166B034A216F08EF7; };
7D57E1861D0A90DDB0114A7E = { isa = XCBuildConfiguration; buildSettings = { CODE_SIGN_STYLE = Automatic; CURRENT_PROJECT_VERSION = 1; GENERATE_INFOPLIST_FILE = YES; MARKETING_VERSION = 0.1.0; PRODUCT_NAME = "$(TARGET_NAME)"; SWIFT_VERSION = 5.0; TARGETED_DEVICE_FAMILY = "1,2"; PRODUCT_BUNDLE_IDENTIFIER = app.harbor0.Harbor0Tests; BUNDLE_LOADER = "$(TEST_HOST)"; TEST_HOST = "$(BUILT_PRODUCTS_DIR)/Harbor0.app/$(BUNDLE_EXECUTABLE_FOLDER_PATH)/Harbor0";  }; name = Debug; };
99F5CE346E2B50BE3AB0F295 = { isa = XCBuildConfiguration; buildSettings = { CODE_SIGN_STYLE = Automatic; CURRENT_PROJECT_VERSION = 1; GENERATE_INFOPLIST_FILE = YES; MARKETING_VERSION = 0.1.0; PRODUCT_NAME = "$(TARGET_NAME)"; SWIFT_VERSION = 5.0; TARGETED_DEVICE_FAMILY = "1,2"; PRODUCT_BUNDLE_IDENTIFIER = app.harbor0.Harbor0Tests; BUNDLE_LOADER = "$(TEST_HOST)"; TEST_HOST = "$(BUILT_PRODUCTS_DIR)/Harbor0.app/$(BUNDLE_EXECUTABLE_FOLDER_PATH)/Harbor0";  }; name = Release; };
6B7B01D58E2CC64CD7DAA9C8 = { isa = XCConfigurationList; buildConfigurations = (7D57E1861D0A90DDB0114A7E,99F5CE346E2B50BE3AB0F295,); defaultConfigurationIsVisible = 0; defaultConfigurationName = Release; };
1C3551411D76B6A1320623DD = { isa = PBXNativeTarget; buildConfigurationList = 6B7B01D58E2CC64CD7DAA9C8; buildPhases = (31D41F5A790589CAA26836EA,7D937F8A916CF4D438767AE2,01F69AF8AC7250D7553CEE30,); buildRules = (); dependencies = (D4085E9EF788C623FAB29C8F,); name = Harbor0Tests; productName = Harbor0Tests; productReference = 54EE20D3DB77FC6D67B16437; productType = "com.apple.product-type.bundle.unit-test"; };
1D46A1EA6BBEAC5B87D2F76F = { isa = PBXFileReference; lastKnownFileType = sourcecode.swift; path = "Harbor0UITests.swift"; sourceTree = "<group>"; };
C724FB1E56DFD9DCCFD3173A = { isa = PBXBuildFile; fileRef = 1D46A1EA6BBEAC5B87D2F76F; };
7C96196620F613A1EA0D416B = { isa = PBXGroup; children = (1D46A1EA6BBEAC5B87D2F76F,); path = Harbor0UITests; sourceTree = "<group>"; };
F9B97CB59E2045F552CE17E0 = { isa = PBXSourcesBuildPhase; buildActionMask = 2147483647; files = (C724FB1E56DFD9DCCFD3173A,); runOnlyForDeploymentPostprocessing = 0; };
F400157D2B0F0C3276EE3F4F = { isa = PBXFrameworksBuildPhase; buildActionMask = 2147483647; files = (); runOnlyForDeploymentPostprocessing = 0; };
AB81C7200DFCFEB8E0DBEE9E = { isa = PBXResourcesBuildPhase; buildActionMask = 2147483647; files = (); runOnlyForDeploymentPostprocessing = 0; };
A5D8DF8FFD81491A84E68C8D = { isa = PBXFileReference; explicitFileType = wrapper.cfbundle; includeInIndex = 0; path = Harbor0UITests.xctest; sourceTree = BUILT_PRODUCTS_DIR; };
FA8E3DE5190FFFFBBA370654 = { isa = PBXContainerItemProxy; containerPortal = 98F54143AB4E86B28C3AFEE0; proxyType = 1; remoteGlobalIDString = D0926386D5F1D7C0FE4AB828; remoteInfo = Harbor0; };
A9FD94A779CFCDDF93C403D1 = { isa = PBXTargetDependency; target = D0926386D5F1D7C0FE4AB828; targetProxy = FA8E3DE5190FFFFBBA370654; };
5AB9B5D66F36F406A1294F53 = { isa = XCBuildConfiguration; buildSettings = { CODE_SIGN_STYLE = Automatic; CURRENT_PROJECT_VERSION = 1; GENERATE_INFOPLIST_FILE = YES; MARKETING_VERSION = 0.1.0; PRODUCT_NAME = "$(TARGET_NAME)"; SWIFT_VERSION = 5.0; TARGETED_DEVICE_FAMILY = "1,2"; PRODUCT_BUNDLE_IDENTIFIER = app.harbor0.Harbor0UITests; TEST_TARGET_NAME = Harbor0;  }; name = Debug; };
7AC991F0BF1135B43BF5343E = { isa = XCBuildConfiguration; buildSettings = { CODE_SIGN_STYLE = Automatic; CURRENT_PROJECT_VERSION = 1; GENERATE_INFOPLIST_FILE = YES; MARKETING_VERSION = 0.1.0; PRODUCT_NAME = "$(TARGET_NAME)"; SWIFT_VERSION = 5.0; TARGETED_DEVICE_FAMILY = "1,2"; PRODUCT_BUNDLE_IDENTIFIER = app.harbor0.Harbor0UITests; TEST_TARGET_NAME = Harbor0;  }; name = Release; };
E3C88D6F86D5A71248C74C8D = { isa = XCConfigurationList; buildConfigurations = (5AB9B5D66F36F406A1294F53,7AC991F0BF1135B43BF5343E,); defaultConfigurationIsVisible = 0; defaultConfigurationName = Release; };
507779782FD91007DE2664A7 = { isa = PBXNativeTarget; buildConfigurationList = E3C88D6F86D5A71248C74C8D; buildPhases = (F9B97CB59E2045F552CE17E0,F400157D2B0F0C3276EE3F4F,AB81C7200DFCFEB8E0DBEE9E,); buildRules = (); dependencies = (A9FD94A779CFCDDF93C403D1,); name = Harbor0UITests; productName = Harbor0UITests; productReference = A5D8DF8FFD81491A84E68C8D; productType = "com.apple.product-type.bundle.ui-testing"; };
FBDC4F23F93125BBEEAE800C = { isa = PBXGroup; children = (6D5B8B69A4885DA916CE5810,54EE20D3DB77FC6D67B16437,A5D8DF8FFD81491A84E68C8D,); name = Products; sourceTree = "<group>"; };
E50290A24C49A459B43487C5 = { isa = PBXGroup; children = (F40263D6ABC2DBD9D349B99F,8EFBC6F408ADD5A639EB48D7,7C96196620F613A1EA0D416B,FBDC4F23F93125BBEEAE800C,); sourceTree = "<group>"; };
89E1FD6268CC0F221A2BE178 = { isa = XCBuildConfiguration; buildSettings = { ALWAYS_SEARCH_USER_PATHS = NO; CLANG_ENABLE_MODULES = YES; CLANG_ENABLE_OBJC_ARC = YES; SDKROOT = iphoneos; IPHONEOS_DEPLOYMENT_TARGET = 17.0; SWIFT_STRICT_CONCURRENCY = targeted; DEBUG_INFORMATION_FORMAT = dwarf; ENABLE_TESTABILITY = YES; GCC_OPTIMIZATION_LEVEL = 0; SWIFT_ACTIVE_COMPILATION_CONDITIONS = DEBUG; SWIFT_OPTIMIZATION_LEVEL = "-Onone"; ONLY_ACTIVE_ARCH = YES;  }; name = Debug; };
E6DE6C99132752C914FEF632 = { isa = XCBuildConfiguration; buildSettings = { ALWAYS_SEARCH_USER_PATHS = NO; CLANG_ENABLE_MODULES = YES; CLANG_ENABLE_OBJC_ARC = YES; SDKROOT = iphoneos; IPHONEOS_DEPLOYMENT_TARGET = 17.0; SWIFT_STRICT_CONCURRENCY = targeted; DEBUG_INFORMATION_FORMAT = "dwarf-with-dsym"; SWIFT_COMPILATION_MODE = wholemodule; SWIFT_OPTIMIZATION_LEVEL = "-O"; VALIDATE_PRODUCT = YES;  }; name = Release; };
389E3AB3166B5E85D4DB22E9 = { isa = XCConfigurationList; buildConfigurations = (89E1FD6268CC0F221A2BE178,E6DE6C99132752C914FEF632,); defaultConfigurationIsVisible = 0; defaultConfigurationName = Release; };
98F54143AB4E86B28C3AFEE0 = { isa = PBXProject; attributes = { BuildIndependentTargetsInParallel = YES; LastUpgradeCheck = 2660; }; buildConfigurationList = 389E3AB3166B5E85D4DB22E9; compatibilityVersion = "Xcode 14.0"; developmentRegion = en; hasScannedForEncodings = 0; knownRegions = (en,Base); mainGroup = E50290A24C49A459B43487C5; productRefGroup = FBDC4F23F93125BBEEAE800C; projectDirPath = ""; projectRoot = ""; targets = (D0926386D5F1D7C0FE4AB828,1C3551411D76B6A1320623DD,507779782FD91007DE2664A7,); };
}; rootObject = 98F54143AB4E86B28C3AFEE0; }
